{
  "name": "nodejs_rxjs",
  "version": "1.0.0",
  "lockfileVersion": 3,
  "requires": true,
  "packages": {
    "": {
      "name": "nodejs_rxjs",
      "version": "1.0.0",
      "license": "MIT",
      "dependencies": {
        "rxjs": "^7.8.1"
      },
      "devDependencies": {
        "@rollup/plugin-run": "^3.0.1",
        "dotenv": "^16.3.1",
        "rollup": "^3.29.3"
      }
    },
    "node_modules/@rollup/plugin-run": {
      "version": "3.0.1",
      "resolved": "https://registry.npmjs.org/@rollup/plugin-run/-/plugin-run-3.0.1.tgz",
      "integrity": "sha512-wbYR1Ahz8ohYnlyXzpBTwhGWfs+OO/uZMjgpDGr8AgnL/XfoTbO7BuNYY8ncR/j/1dhCJo+NDuTRkIeCxE434Q==",
      "dev": true,
      "dependencies": {
        "@types/node": "14.18.30"
      },
      "engines": {
        "node": ">=14.0.0"
      },
      "peerDependencies": {
        "rollup": "^2.0.0||^3.0.0"
      },
      "peerDependenciesMeta": {
        "rollup": {
          "optional": true
        }
      }
    },
    "node_modules/@types/node": {
      "version": "14.18.30",
      "resolved": "https://registry.npmjs.org/@types/node/-/node-14.18.30.tgz",
      "integrity": "sha512-8OEyg4oc/CqN5+LbInKNLA8MfbGzbC+k8lVPePXazuwEVrVeQ9gwMDX00HJwWbC7syc1FWRU6Mow0Lm+mibHAQ==",
      "dev": true
    },
    "node_modules/dotenv": {
      "version": "16.3.1",
      "resolved": "https://registry.npmjs.org/dotenv/-/dotenv-16.3.1.tgz",
      "integrity": "sha512-IPzF4w4/Rd94bA9imS68tZBaYyBWSCE47V1RGuMrB94iyTOIEwRmVL2x/4An+6mETpLrKJ5hQkB8W4kFAadeIQ==",
      "dev": true,
      "engines": {
        "node": ">=12"
      },
      "funding": {
        "url": "https://github.com/motdotla/dotenv?sponsor=1"
      }
    },
    "node_modules/fsevents": {
      "version": "2.3.3",
      "resolved": "https://registry.npmjs.org/fsevents/-/fsevents-2.3.3.tgz",
      "integrity": "sha512-5xoDfX+fL7faATnagmWPpbFtwh/R77WmMMqqHGS65C3vvB0YHrgF+B1YmZ3441tMj5n63k0212XNoJwzlhffQw==",
      "dev": true,
      "hasInstallScript": true,
      "optional": true,
      "os": [
        "darwin"
      ],
      "engines": {
        "node": "^8.16.0 || ^10.6.0 || >=11.0.0"
      }
    },
    "node_modules/rollup": {
      "version": "3.29.3",
      "resolved": "https://registry.npmjs.org/rollup/-/rollup-3.29.3.tgz",
      "integrity": "sha512-T7du6Hum8jOkSWetjRgbwpM6Sy0nECYrYRSmZjayFcOddtKJWU4d17AC3HNUk7HRuqy4p+G7aEZclSHytqUmEg==",
      "dev": true,
      "bin": {
        "rollup": "dist/bin/rollup"
      },
      "engines": {
        "node": ">=14.18.0",
        "npm": ">=8.0.0"
      },
      "optionalDependencies": {
        "fsevents": "~2.3.2"
      }
    },
    "node_modules/rxjs": {
      "version": "7.8.1",
      "resolved": "https://registry.npmjs.org/rxjs/-/rxjs-7.8.1.tgz",
      "integrity": "sha512-AA3TVj+0A2iuIoQkWEK/tqFjBq2j+6PO6Y0zJcvzLAFhEFIO3HL0vls9hWLncZbAAbK0mar7oZ4V079I/qPMxg==",
      "dependencies": {
        "tslib": "^2.1.0"
      }
    },
    "node_modules/tslib": {
      "version": "2.6.2",
      "resolved": "https://registry.npmjs.org/tslib/-/tslib-2.6.2.tgz",
      "integrity": "sha512-AEYxH93jGFPn/a2iVAwW87VuUIkR1FVUKB77NwMF7nBTDkDrrT/Hpt/IrCJ0QXhW27jTBDcf5ZY7w6RiqTMw2Q=="
    }
  }
}
